{
    "_readme": [
        "This file locks the dependencies of your project to a known state",
        "Read more about it at https://getcomposer.org/doc/01-basic-usage.md#installing-dependencies",
        "This file is @generated automatically"
    ],
    "content-hash": "66878836e4fb56633c5e950f251628b4",
    "packages": [
        {
            "name": "components/bootstrap",
            "version": "3.3.6",
            "source": {
                "type": "git",
                "url": "https://github.com/components/bootstrap.git",
                "reference": "fb4923919c620b8b2aa8a11eda16b49b0a9e8a27"
            },
            "dist": {
                "type": "zip",
                "url": "https://api.github.com/repos/components/bootstrap/zipball/fb4923919c620b8b2aa8a11eda16b49b0a9e8a27",
                "reference": "fb4923919c620b8b2aa8a11eda16b49b0a9e8a27",
                "shasum": "",
                "mirrors": [
                    {
                        "url": "https://mirrors.aliyun.com/composer/dists/%package%/%reference%.%type%",
                        "preferred": true
                    }
                ]
            },
            "require": {
                "components/jquery": "1.9.1 - 2"
            },
            "suggest": {
                "components/bootstrap-default": "Provide a theme for Bootstrap as components/bootstrap only provides the CSS as file assets"
            },
            "type": "component",
            "extra": {
                "component": {
                    "scripts": [
                        "js/bootstrap.js"
                    ],
                    "files": [
                        "js/*.js",
                        "css/*.css",
                        "css/*.map",
                        "fonts/*",
                        "less/mixins/*.less",
                        "less/*.less"
                    ],
                    "shim": {
                        "deps": [
                            "jquery"
                        ]
                    }
                }
            },
            "notification-url": "https://packagist.org/downloads/",
            "license": [
                "MIT"
            ],
            "authors": [
                {
                    "name": "Jacob Thornton",
                    "email": "jacobthornton@gmail.com"
                },
                {
                    "name": "Mark Otto",
                    "email": "markdotto@gmail.com"
                }
            ],
            "description": "The most popular front-end framework for developing responsive, mobile first projects on the web.",
            "homepage": "http://getbootstrap.com",
            "keywords": [
                "css",
                "framework",
                "front-end",
                "less",
                "mobile-first",
                "responsive",
                "web"
            ],
            "support": {
                "issues": "https://github.com/components/bootstrap/issues",
                "source": "https://github.com/components/bootstrap/tree/master"
            },
            "time": "2015-11-24T20:19:41+00:00"
        },
        {
            "name": "components/jquery",
            "version": "1.12.4",
            "source": {
                "type": "git",
                "url": "https://github.com/components/jquery.git",
                "reference": "5dd7297d7603e11e53bdcca2a71074d92de37b8f"
            },
            "dist": {
                "type": "zip",
                "url": "https://api.github.com/repos/components/jquery/zipball/5dd7297d7603e11e53bdcca2a71074d92de37b8f",
                "reference": "5dd7297d7603e11e53bdcca2a71074d92de37b8f",
                "shasum": "",
                "mirrors": [
                    {
                        "url": "https://mirrors.aliyun.com/composer/dists/%package%/%reference%.%type%",
                        "preferred": true
                    }
                ]
            },
            "type": "component",
            "extra": {
                "component": {
                    "scripts": [
                        "jquery.js"
                    ],
                    "files": [
                        "jquery.min.js",
                        "jquery.min.map",
                        "jquery-migrate.js",
                        "jquery-migrate.min.js"
                    ]
                }
            },
            "notification-url": "https://packagist.org/downloads/",
            "license": [
                "MIT"
            ],
            "authors": [
                {
                    "name": "John Resig",
                    "email": "jeresig@gmail.com"
                }
            ],
            "description": "jQuery JavaScript Library",
            "homepage": "http://jquery.com",
            "support": {
                "forum": "http://forum.jquery.com",
                "irc": "irc://irc.freenode.org/jquery",
                "issues": "http://bugs.jquery.com",
                "source": "https://github.com/jquery/jquery",
                "wiki": "http://docs.jquery.com/"
            },
            "time": "2016-05-25T06:50:04+00:00"
        },
        {
            "name": "makeusabrew/bootbox",
            "version": "v4.x-dev",
            "source": {
                "type": "git",
                "url": "https://github.com/makeusabrew/bootbox.git",
                "reference": "023a60e4cbce52d4f2842260a5714dd9c026c105"
            },
            "dist": {
                "type": "zip",
                "url": "https://api.github.com/repos/makeusabrew/bootbox/zipball/023a60e4cbce52d4f2842260a5714dd9c026c105",
                "reference": "023a60e4cbce52d4f2842260a5714dd9c026c105",
                "shasum": "",
                "mirrors": [
                    {
                        "url": "https://mirrors.aliyun.com/composer/dists/%package%/%reference%.%type%",
                        "preferred": true
                    }
                ]
            },
            "require": {
                "components/bootstrap": "*"
            },
            "type": "component",
            "extra": {
                "component": {
                    "scripts": [
                        "bootbox.js"
                    ]
                }
            },
            "notification-url": "https://packagist.org/downloads/",
            "license": [
                "MIT"
            ],
            "authors": [
                {
                    "name": "Nick Payne",
                    "email": "nick@kurai.co.uk"
                }
            ],
            "description": "Wrappers for JavaScript alert(), confirm() and other flexible dialogs using the Bootstrap framework",
            "support": {
                "issues": "https://github.com/makeusabrew/bootbox/issues",
                "source": "https://github.com/makeusabrew/bootbox/tree/master"
            },
            "time": "2017-06-13T15:04:07+00:00"
        },
        {
            "name": "nnnick/chartjs",
            "version": "v2.9.3",
            "source": {
                "type": "git",
                "url": "https://github.com/chartjs/Chart.js.git",
                "reference": "06f73dc3590084b2c464bf08189c7aee2b6b92d2"
            },
            "dist": {
                "type": "zip",
                "url": "https://api.github.com/repos/chartjs/Chart.js/zipball/06f73dc3590084b2c464bf08189c7aee2b6b92d2",
                "reference": "06f73dc3590084b2c464bf08189c7aee2b6b92d2",
                "shasum": "",
                "mirrors": [
                    {
                        "url": "https://mirrors.aliyun.com/composer/dists/%package%/%reference%.%type%",
                        "preferred": true
                    }
                ]
            },
            "require": {
                "php": ">=5.3.3"
            },
            "type": "library",
            "extra": {
                "branch-alias": {
                    "release/2.0": "v2.0-dev"
                }
            },
            "notification-url": "https://packagist.org/downloads/",
            "license": [
                "MIT"
            ],
            "authors": [
                {
                    "name": "NICK DOWNIE",
                    "email": "hello@nickdownie.com"
                }
            ],
            "description": "Simple HTML5 charts using the canvas element.",
            "homepage": "https://www.chartjs.org/",
            "keywords": [
                "JS",
                "chart"
            ],
            "support": {
                "issues": "https://github.com/chartjs/Chart.js/issues",
                "source": "https://github.com/chartjs/Chart.js/tree/v2.9.3"
            },
            "time": "2019-11-14T18:37:30+00:00"
        }
    ],
    "packages-dev": [],
    "aliases": [],
    "minimum-stability": "stable",
    "stability-flags": {
        "makeusabrew/bootbox": 20
    },
    "prefer-stable": false,
    "prefer-lowest": false,
    "platform": {
        "php": "7.3.24"
    },
    "platform-dev": [],
    "plugin-api-version": "2.0.0"
}
